
Microsoft Visual Studio Solution File, Format Version 12.00
# Visual Studio Version 17
VisualStudioVersion = 17.10.35027.167
MinimumVisualStudioVersion = 10.0.40219.1
Project("{FAE04EC0-301F-11D3-BF4B-00C04F79EFBC}") = "Feline Gallery v1", "Feline Gallery v1.csproj", "{548A31FE-43D9-4475-8E06-D8A2B5408BD4}"
EndProject
Global
	GlobalSection(SolutionConfigurationPlatforms) = preSolution
		Debug|Any CPU = Debug|Any CPU
		Release|Any CPU = Release|Any CPU
	EndGlobalSection
	GlobalSection(ProjectConfigurationPlatforms) = postSolution
		{548A31FE-43D9-4475-8E06-D8A2B5408BD4}.Debug|Any CPU.ActiveCfg = Debug|Any CPU
		{548A31FE-43D9-4475-8E06-D8A2B5408BD4}.Debug|Any CPU.Build.0 = Debug|Any CPU
		{548A31FE-43D9-4475-8E06-D8A2B5408BD4}.Release|Any CPU.ActiveCfg = Release|Any CPU
		{548A31FE-43D9-4475-8E06-D8A2B5408BD4}.Release|Any CPU.Build.0 = Release|Any CPU
	EndGlobalSection
	GlobalSection(SolutionProperties) = preSolution
		HideSolutionNode = FALSE
	EndGlobalSection
	GlobalSection(ExtensibilityGlobals) = postSolution
		SolutionGuid = {72717C0F-0731-4F92-81EC-39230D23C641}
	EndGlobalSection
EndGlobal
